
Microsoft Visual Studio Solution File, Format Version 12.00
# Visual Studio Version 16
VisualStudioVersion = 25.0.1706.8
MinimumVisualStudioVersion = 10.0.40219.1
Project("{FAE04EC0-301F-11D3-BF4B-00C04F79EFBC}") = "1", "1\1.csproj", "{657BD723-EEDA-4BF7-B274-2DF4CF25DD6E}"
EndProject
Project("{FAE04EC0-301F-11D3-BF4B-00C04F79EFBC}") = "2", "2\2.csproj", "{30283940-BA6D-43D8-A583-4AB9F7C808B2}"
EndProject
Project("{FAE04EC0-301F-11D3-BF4B-00C04F79EFBC}") = "3", "3\3.csproj", "{3EBA2483-9B08-4C26-B480-65CD482F35DA}"
EndProject
Global
	GlobalSection(SolutionConfigurationPlatforms) = preSolution
		Debug|Any CPU = Debug|Any CPU
		Release|Any CPU = Release|Any CPU
	EndGlobalSection
	GlobalSection(ProjectConfigurationPlatforms) = postSolution
		{657BD723-EEDA-4BF7-B274-2DF4CF25DD6E}.Debug|Any CPU.ActiveCfg = Debug|Any CPU
		{657BD723-EEDA-4BF7-B274-2DF4CF25DD6E}.Debug|Any CPU.Build.0 = Debug|Any CPU
		{657BD723-EEDA-4BF7-B274-2DF4CF25DD6E}.Release|Any CPU.ActiveCfg = Release|Any CPU
		{657BD723-EEDA-4BF7-B274-2DF4CF25DD6E}.Release|Any CPU.Build.0 = Release|Any CPU
		{30283940-BA6D-43D8-A583-4AB9F7C808B2}.Debug|Any CPU.ActiveCfg = Debug|Any CPU
		{30283940-BA6D-43D8-A583-4AB9F7C808B2}.Debug|Any CPU.Build.0 = Debug|Any CPU
		{30283940-BA6D-43D8-A583-4AB9F7C808B2}.Release|Any CPU.ActiveCfg = Release|Any CPU
		{30283940-BA6D-43D8-A583-4AB9F7C808B2}.Release|Any CPU.Build.0 = Release|Any CPU
		{3EBA2483-9B08-4C26-B480-65CD482F35DA}.Debug|Any CPU.ActiveCfg = Debug|Any CPU
		{3EBA2483-9B08-4C26-B480-65CD482F35DA}.Debug|Any CPU.Build.0 = Debug|Any CPU
		{3EBA2483-9B08-4C26-B480-65CD482F35DA}.Release|Any CPU.ActiveCfg = Release|Any CPU
		{3EBA2483-9B08-4C26-B480-65CD482F35DA}.Release|Any CPU.Build.0 = Release|Any CPU
	EndGlobalSection
	GlobalSection(SolutionProperties) = preSolution
		HideSolutionNode = FALSE
	EndGlobalSection
	GlobalSection(ExtensibilityGlobals) = postSolution
		SolutionGuid = {95C7EF32-7D7A-4F80-B850-57DD3C22C0E3}
	EndGlobalSection
EndGlobal
